// !$*UTF8*$!
{
   archiveVersion = "1";
   objectVersion = "46";
   objects = {
      "CommandLineKit::CommandLineKit" = {
         isa = "PBXNativeTarget";
         buildConfigurationList = "OBJ_69";
         buildPhases = (
            "OBJ_72",
            "OBJ_76"
         );
         dependencies = (
         );
         name = "CommandLineKit";
         productName = "CommandLineKit";
         productReference = "CommandLineKit::CommandLineKit::Product";
         productType = "com.apple.product-type.framework";
      };
      "CommandLineKit::CommandLineKit::Product" = {
         isa = "PBXFileReference";
         path = "CommandLineKit.framework";
         sourceTree = "BUILT_PRODUCTS_DIR";
      };
      "CommandLineKit::SwiftPMPackageDescription" = {
         isa = "PBXNativeTarget";
         buildConfigurationList = "OBJ_78";
         buildPhases = (
            "OBJ_81"
         );
         dependencies = (
         );
         name = "CommandLineKitPackageDescription";
         productName = "CommandLineKitPackageDescription";
         productType = "com.apple.product-type.framework";
      };
      "FengNiao::FengNiao" = {
         isa = "PBXNativeTarget";
         buildConfigurationList = "OBJ_84";
         buildPhases = (
            "OBJ_87",
            "OBJ_90"
         );
         dependencies = (
            "OBJ_95",
            "OBJ_96",
            "OBJ_98",
            "OBJ_100"
         );
         name = "FengNiao";
         productName = "FengNiao";
         productReference = "FengNiao::FengNiao::Product";
         productType = "com.apple.product-type.tool";
      };
      "FengNiao::FengNiao::Product" = {
         isa = "PBXFileReference";
         path = "FengNiao";
         sourceTree = "BUILT_PRODUCTS_DIR";
      };
      "FengNiao::FengNiaoKit" = {
         isa = "PBXNativeTarget";
         buildConfigurationList = "OBJ_102";
         buildPhases = (
            "OBJ_105",
            "OBJ_110"
         );
         dependencies = (
            "OBJ_113",
            "OBJ_114"
         );
         name = "FengNiaoKit";
         productName = "FengNiaoKit";
         productReference = "FengNiao::FengNiaoKit::Product";
         productType = "com.apple.product-type.framework";
      };
      "FengNiao::FengNiaoKit::Product" = {
         isa = "PBXFileReference";
         path = "FengNiaoKit.framework";
         sourceTree = "BUILT_PRODUCTS_DIR";
      };
      "FengNiao::FengNiaoKitTests" = {
         isa = "PBXNativeTarget";
         buildConfigurationList = "OBJ_116";
         buildPhases = (
            "OBJ_119",
            "OBJ_122"
         );
         dependencies = (
            "OBJ_127",
            "OBJ_129",
            "OBJ_130",
            "OBJ_131"
         );
         name = "FengNiaoKitTests";
         productName = "FengNiaoKitTests";
         productReference = "FengNiao::FengNiaoKitTests::Product";
         productType = "com.apple.product-type.bundle.unit-test";
      };
      "FengNiao::FengNiaoKitTests::Product" = {
         isa = "PBXFileReference";
         path = "FengNiaoKitTests.xctest";
         sourceTree = "BUILT_PRODUCTS_DIR";
      };
      "FengNiao::FengNiaoPackageTests::ProductTarget" = {
         isa = "PBXAggregateTarget";
         buildConfigurationList = "OBJ_139";
         buildPhases = (
         );
         dependencies = (
            "OBJ_142"
         );
         name = "FengNiaoPackageTests";
         productName = "FengNiaoPackageTests";
      };
      "FengNiao::SwiftPMPackageDescription" = {
         isa = "PBXNativeTarget";
         buildConfigurationList = "OBJ_133";
         buildPhases = (
            "OBJ_136"
         );
         dependencies = (
         );
         name = "FengNiaoPackageDescription";
         productName = "FengNiaoPackageDescription";
         productType = "com.apple.product-type.framework";
      };
      "OBJ_1" = {
         isa = "PBXProject";
         attributes = {
            LastSwiftMigration = "9999";
            LastUpgradeCheck = "9999";
         };
         buildConfigurationList = "OBJ_2";
         compatibilityVersion = "Xcode 3.2";
         developmentRegion = "English";
         hasScannedForEncodings = "0";
         knownRegions = (
            "en"
         );
         mainGroup = "OBJ_5";
         productRefGroup = "OBJ_55";
         projectDirPath = ".";
         targets = (
            "CommandLineKit::CommandLineKit",
            "CommandLineKit::SwiftPMPackageDescription",
            "FengNiao::FengNiao",
            "FengNiao::FengNiaoKit",
            "FengNiao::FengNiaoKitTests",
            "FengNiao::SwiftPMPackageDescription",
            "FengNiao::FengNiaoPackageTests::ProductTarget",
            "PathKit::PathKit",
            "PathKit::SwiftPMPackageDescription",
            "Rainbow::Rainbow",
            "Rainbow::SwiftPMPackageDescription",
            "Spectre::Spectre",
            "Spectre::SwiftPMPackageDescription"
         );
      };
      "OBJ_10" = {
         isa = "PBXFileReference";
         path = "main.swift";
         sourceTree = "<group>";
      };
      "OBJ_100" = {
         isa = "PBXTargetDependency";
         target = "Rainbow::Rainbow";
      };
      "OBJ_102" = {
         isa = "XCConfigurationList";
         buildConfigurations = (
            "OBJ_103",
            "OBJ_104"
         );
         defaultConfigurationIsVisible = "0";
         defaultConfigurationName = "Release";
      };
      "OBJ_103" = {
         isa = "XCBuildConfiguration";
         buildSettings = {
            ENABLE_TESTABILITY = "YES";
            FRAMEWORK_SEARCH_PATHS = (
               "$(inherited)",
               "$(PLATFORM_DIR)/Developer/Library/Frameworks"
            );
            HEADER_SEARCH_PATHS = (
               "$(inherited)"
            );
            INFOPLIST_FILE = "FengNiao.xcodeproj/FengNiaoKit_Info.plist";
            LD_RUNPATH_SEARCH_PATHS = (
               "$(inherited)",
               "$(TOOLCHAIN_DIR)/usr/lib/swift/macosx"
            );
            OTHER_CFLAGS = (
               "$(inherited)"
            );
            OTHER_LDFLAGS = (
               "$(inherited)"
            );
            OTHER_SWIFT_FLAGS = (
               "$(inherited)"
            );
            PRODUCT_BUNDLE_IDENTIFIER = "FengNiaoKit";
            PRODUCT_MODULE_NAME = "$(TARGET_NAME:c99extidentifier)";
            PRODUCT_NAME = "$(TARGET_NAME:c99extidentifier)";
            SKIP_INSTALL = "YES";
            SWIFT_ACTIVE_COMPILATION_CONDITIONS = (
               "$(inherited)"
            );
            SWIFT_VERSION = "4.0";
            TARGET_NAME = "FengNiaoKit";
         };
         name = "Debug";
      };
      "OBJ_104" = {
         isa = "XCBuildConfiguration";
         buildSettings = {
            ENABLE_TESTABILITY = "YES";
            FRAMEWORK_SEARCH_PATHS = (
               "$(inherited)",
               "$(PLATFORM_DIR)/Developer/Library/Frameworks"
            );
            HEADER_SEARCH_PATHS = (
               "$(inherited)"
            );
            INFOPLIST_FILE = "FengNiao.xcodeproj/FengNiaoKit_Info.plist";
            LD_RUNPATH_SEARCH_PATHS = (
               "$(inherited)",
               "$(TOOLCHAIN_DIR)/usr/lib/swift/macosx"
            );
            OTHER_CFLAGS = (
               "$(inherited)"
            );
            OTHER_LDFLAGS = (
               "$(inherited)"
            );
            OTHER_SWIFT_FLAGS = (
               "$(inherited)"
            );
            PRODUCT_BUNDLE_IDENTIFIER = "FengNiaoKit";
            PRODUCT_MODULE_NAME = "$(TARGET_NAME:c99extidentifier)";
            PRODUCT_NAME = "$(TARGET_NAME:c99extidentifier)";
            SKIP_INSTALL = "YES";
            SWIFT_ACTIVE_COMPILATION_CONDITIONS = (
               "$(inherited)"
            );
            SWIFT_VERSION = "4.0";
            TARGET_NAME = "FengNiaoKit";
         };
         name = "Release";
      };
      "OBJ_105" = {
         isa = "PBXSourcesBuildPhase";
         files = (
            "OBJ_106",
            "OBJ_107",
            "OBJ_108",
            "OBJ_109"
         );
      };
      "OBJ_106" = {
         isa = "PBXBuildFile";
         fileRef = "OBJ_12";
      };
      "OBJ_107" = {
         isa = "PBXBuildFile";
         fileRef = "OBJ_13";
      };
      "OBJ_108" = {
         isa = "PBXBuildFile";
         fileRef = "OBJ_14";
      };
      "OBJ_109" = {
         isa = "PBXBuildFile";
         fileRef = "OBJ_15";
      };
      "OBJ_11" = {
         isa = "PBXGroup";
         children = (
            "OBJ_12",
            "OBJ_13",
            "OBJ_14",
            "OBJ_15"
         );
         name = "FengNiaoKit";
         path = "Sources/FengNiaoKit";
         sourceTree = "SOURCE_ROOT";
      };
      "OBJ_110" = {
         isa = "PBXFrameworksBuildPhase";
         files = (
            "OBJ_111",
            "OBJ_112"
         );
      };
      "OBJ_111" = {
         isa = "PBXBuildFile";
         fileRef = "PathKit::PathKit::Product";
      };
      "OBJ_112" = {
         isa = "PBXBuildFile";
         fileRef = "Rainbow::Rainbow::Product";
      };
      "OBJ_113" = {
         isa = "PBXTargetDependency";
         target = "PathKit::PathKit";
      };
      "OBJ_114" = {
         isa = "PBXTargetDependency";
         target = "Rainbow::Rainbow";
      };
      "OBJ_116" = {
         isa = "XCConfigurationList";
         buildConfigurations = (
            "OBJ_117",
            "OBJ_118"
         );
         defaultConfigurationIsVisible = "0";
         defaultConfigurationName = "Release";
      };
      "OBJ_117" = {
         isa = "XCBuildConfiguration";
         buildSettings = {
            CLANG_ENABLE_MODULES = "YES";
            EMBEDDED_CONTENT_CONTAINS_SWIFT = "YES";
            FRAMEWORK_SEARCH_PATHS = (
               "$(inherited)",
               "$(PLATFORM_DIR)/Developer/Library/Frameworks"
            );
            HEADER_SEARCH_PATHS = (
               "$(inherited)"
            );
            INFOPLIST_FILE = "FengNiao.xcodeproj/FengNiaoKitTests_Info.plist";
            LD_RUNPATH_SEARCH_PATHS = (
               "$(inherited)",
               "@loader_path/../Frameworks",
               "@loader_path/Frameworks"
            );
            OTHER_CFLAGS = (
               "$(inherited)"
            );
            OTHER_LDFLAGS = (
               "$(inherited)"
            );
            OTHER_SWIFT_FLAGS = (
               "$(inherited)"
            );
            SWIFT_ACTIVE_COMPILATION_CONDITIONS = (
               "$(inherited)"
            );
            SWIFT_VERSION = "4.0";
            TARGET_NAME = "FengNiaoKitTests";
         };
         name = "Debug";
      };
      "OBJ_118" = {
         isa = "XCBuildConfiguration";
         buildSettings = {
            CLANG_ENABLE_MODULES = "YES";
            EMBEDDED_CONTENT_CONTAINS_SWIFT = "YES";
            FRAMEWORK_SEARCH_PATHS = (
               "$(inherited)",
               "$(PLATFORM_DIR)/Developer/Library/Frameworks"
            );
            HEADER_SEARCH_PATHS = (
               "$(inherited)"
            );
            INFOPLIST_FILE = "FengNiao.xcodeproj/FengNiaoKitTests_Info.plist";
            LD_RUNPATH_SEARCH_PATHS = (
               "$(inherited)",
               "@loader_path/../Frameworks",
               "@loader_path/Frameworks"
            );
            OTHER_CFLAGS = (
               "$(inherited)"
            );
            OTHER_LDFLAGS = (
               "$(inherited)"
            );
            OTHER_SWIFT_FLAGS = (
               "$(inherited)"
            );
            SWIFT_ACTIVE_COMPILATION_CONDITIONS = (
               "$(inherited)"
            );
            SWIFT_VERSION = "4.0";
            TARGET_NAME = "FengNiaoKitTests";
         };
         name = "Release";
      };
      "OBJ_119" = {
         isa = "PBXSourcesBuildPhase";
         files = (
            "OBJ_120",
            "OBJ_121"
         );
      };
      "OBJ_12" = {
         isa = "PBXFileReference";
         path = "ExtensionFindProcess.swift";
         sourceTree = "<group>";
      };
      "OBJ_120" = {
         isa = "PBXBuildFile";
         fileRef = "OBJ_18";
      };
      "OBJ_121" = {
         isa = "PBXBuildFile";
         fileRef = "OBJ_19";
      };
      "OBJ_122" = {
         isa = "PBXFrameworksBuildPhase";
         files = (
            "OBJ_123",
            "OBJ_124",
            "OBJ_125",
            "OBJ_126"
         );
      };
      "OBJ_123" = {
         isa = "PBXBuildFile";
         fileRef = "Spectre::Spectre::Product";
      };
      "OBJ_124" = {
         isa = "PBXBuildFile";
         fileRef = "FengNiao::FengNiaoKit::Product";
      };
      "OBJ_125" = {
         isa = "PBXBuildFile";
         fileRef = "PathKit::PathKit::Product";
      };
      "OBJ_126" = {
         isa = "PBXBuildFile";
         fileRef = "Rainbow::Rainbow::Product";
      };
      "OBJ_127" = {
         isa = "PBXTargetDependency";
         target = "Spectre::Spectre";
      };
      "OBJ_129" = {
         isa = "PBXTargetDependency";
         target = "FengNiao::FengNiaoKit";
      };
      "OBJ_13" = {
         isa = "PBXFileReference";
         path = "Extensions.swift";
         sourceTree = "<group>";
      };
      "OBJ_130" = {
         isa = "PBXTargetDependency";
         target = "PathKit::PathKit";
      };
      "OBJ_131" = {
         isa = "PBXTargetDependency";
         target = "Rainbow::Rainbow";
      };
      "OBJ_133" = {
         isa = "XCConfigurationList";
         buildConfigurations = (
            "OBJ_134",
            "OBJ_135"
         );
         defaultConfigurationIsVisible = "0";
         defaultConfigurationName = "Release";
      };
      "OBJ_134" = {
         isa = "XCBuildConfiguration";
         buildSettings = {
            LD = "/usr/bin/true";
            OTHER_SWIFT_FLAGS = (
               "-swift-version",
               "4",
               "-I",
               "$(TOOLCHAIN_DIR)/usr/lib/swift/pm/4",
               "-target",
               "x86_64-apple-macosx10.10",
               "-sdk",
               "/Applications/Xcode.app/Contents/Developer/Platforms/MacOSX.platform/Developer/SDKs/MacOSX10.14.sdk"
            );
            SWIFT_VERSION = "4.0";
         };
         name = "Debug";
      };
      "OBJ_135" = {
         isa = "XCBuildConfiguration";
         buildSettings = {
            LD = "/usr/bin/true";
            OTHER_SWIFT_FLAGS = (
               "-swift-version",
               "4",
               "-I",
               "$(TOOLCHAIN_DIR)/usr/lib/swift/pm/4",
               "-target",
               "x86_64-apple-macosx10.10",
               "-sdk",
               "/Applications/Xcode.app/Contents/Developer/Platforms/MacOSX.platform/Developer/SDKs/MacOSX10.14.sdk"
            );
            SWIFT_VERSION = "4.0";
         };
         name = "Release";
      };
      "OBJ_136" = {
         isa = "PBXSourcesBuildPhase";
         files = (
            "OBJ_137"
         );
      };
      "OBJ_137" = {
         isa = "PBXBuildFile";
         fileRef = "OBJ_6";
      };
      "OBJ_139" = {
         isa = "XCConfigurationList";
         buildConfigurations = (
            "OBJ_140",
            "OBJ_141"
         );
         defaultConfigurationIsVisible = "0";
         defaultConfigurationName = "Release";
      };
      "OBJ_14" = {
         isa = "PBXFileReference";
         path = "FengNiao.swift";
         sourceTree = "<group>";
      };
      "OBJ_140" = {
         isa = "XCBuildConfiguration";
         buildSettings = {
         };
         name = "Debug";
      };
      "OBJ_141" = {
         isa = "XCBuildConfiguration";
         buildSettings = {
         };
         name = "Release";
      };
      "OBJ_142" = {
         isa = "PBXTargetDependency";
         target = "FengNiao::FengNiaoKitTests";
      };
      "OBJ_143" = {
         isa = "XCConfigurationList";
         buildConfigurations = (
            "OBJ_144",
            "OBJ_145"
         );
         defaultConfigurationIsVisible = "0";
         defaultConfigurationName = "Release";
      };
      "OBJ_144" = {
         isa = "XCBuildConfiguration";
         buildSettings = {
            ENABLE_TESTABILITY = "YES";
            FRAMEWORK_SEARCH_PATHS = (
               "$(inherited)",
               "$(PLATFORM_DIR)/Developer/Library/Frameworks"
            );
            HEADER_SEARCH_PATHS = (
               "$(inherited)"
            );
            INFOPLIST_FILE = "FengNiao.xcodeproj/PathKit_Info.plist";
            LD_RUNPATH_SEARCH_PATHS = (
               "$(inherited)",
               "$(TOOLCHAIN_DIR)/usr/lib/swift/macosx"
            );
            OTHER_CFLAGS = (
               "$(inherited)"
            );
            OTHER_LDFLAGS = (
               "$(inherited)"
            );
            OTHER_SWIFT_FLAGS = (
               "$(inherited)"
            );
            PRODUCT_BUNDLE_IDENTIFIER = "PathKit";
            PRODUCT_MODULE_NAME = "$(TARGET_NAME:c99extidentifier)";
            PRODUCT_NAME = "$(TARGET_NAME:c99extidentifier)";
            SKIP_INSTALL = "YES";
            SWIFT_ACTIVE_COMPILATION_CONDITIONS = (
               "$(inherited)"
            );
            SWIFT_VERSION = "4.2";
            TARGET_NAME = "PathKit";
         };
         name = "Debug";
      };
      "OBJ_145" = {
         isa = "XCBuildConfiguration";
         buildSettings = {
            ENABLE_TESTABILITY = "YES";
            FRAMEWORK_SEARCH_PATHS = (
               "$(inherited)",
               "$(PLATFORM_DIR)/Developer/Library/Frameworks"
            );
            HEADER_SEARCH_PATHS = (
               "$(inherited)"
            );
            INFOPLIST_FILE = "FengNiao.xcodeproj/PathKit_Info.plist";
            LD_RUNPATH_SEARCH_PATHS = (
               "$(inherited)",
               "$(TOOLCHAIN_DIR)/usr/lib/swift/macosx"
            );
            OTHER_CFLAGS = (
               "$(inherited)"
            );
            OTHER_LDFLAGS = (
               "$(inherited)"
            );
            OTHER_SWIFT_FLAGS = (
               "$(inherited)"
            );
            PRODUCT_BUNDLE_IDENTIFIER = "PathKit";
            PRODUCT_MODULE_NAME = "$(TARGET_NAME:c99extidentifier)";
            PRODUCT_NAME = "$(TARGET_NAME:c99extidentifier)";
            SKIP_INSTALL = "YES";
            SWIFT_ACTIVE_COMPILATION_CONDITIONS = (
               "$(inherited)"
            );
            SWIFT_VERSION = "4.2";
            TARGET_NAME = "PathKit";
         };
         name = "Release";
      };
      "OBJ_146" = {
         isa = "PBXSourcesBuildPhase";
         files = (
            "OBJ_147"
         );
      };
      "OBJ_147" = {
         isa = "PBXBuildFile";
         fileRef = "OBJ_23";
      };
      "OBJ_148" = {
         isa = "PBXFrameworksBuildPhase";
         files = (
         );
      };
      "OBJ_15" = {
         isa = "PBXFileReference";
         path = "FileSearchRule.swift";
         sourceTree = "<group>";
      };
      "OBJ_150" = {
         isa = "XCConfigurationList";
         buildConfigurations = (
            "OBJ_151",
            "OBJ_152"
         );
         defaultConfigurationIsVisible = "0";
         defaultConfigurationName = "Release";
      };
      "OBJ_151" = {
         isa = "XCBuildConfiguration";
         buildSettings = {
            LD = "/usr/bin/true";
            OTHER_SWIFT_FLAGS = (
               "-swift-version",
               "4.2",
               "-I",
               "$(TOOLCHAIN_DIR)/usr/lib/swift/pm/4_2",
               "-target",
               "x86_64-apple-macosx10.10",
               "-sdk",
               "/Applications/Xcode.app/Contents/Developer/Platforms/MacOSX.platform/Developer/SDKs/MacOSX10.14.sdk"
            );
            SWIFT_VERSION = "4.2";
         };
         name = "Debug";
      };
      "OBJ_152" = {
         isa = "XCBuildConfiguration";
         buildSettings = {
            LD = "/usr/bin/true";
            OTHER_SWIFT_FLAGS = (
               "-swift-version",
               "4.2",
               "-I",
               "$(TOOLCHAIN_DIR)/usr/lib/swift/pm/4_2",
               "-target",
               "x86_64-apple-macosx10.10",
               "-sdk",
               "/Applications/Xcode.app/Contents/Developer/Platforms/MacOSX.platform/Developer/SDKs/MacOSX10.14.sdk"
            );
            SWIFT_VERSION = "4.2";
         };
         name = "Release";
      };
      "OBJ_153" = {
         isa = "PBXSourcesBuildPhase";
         files = (
            "OBJ_154"
         );
      };
      "OBJ_154" = {
         isa = "PBXBuildFile";
         fileRef = "OBJ_22";
      };
      "OBJ_155" = {
         isa = "XCConfigurationList";
         buildConfigurations = (
            "OBJ_156",
            "OBJ_157"
         );
         defaultConfigurationIsVisible = "0";
         defaultConfigurationName = "Release";
      };
      "OBJ_156" = {
         isa = "XCBuildConfiguration";
         buildSettings = {
            ENABLE_TESTABILITY = "YES";
            FRAMEWORK_SEARCH_PATHS = (
               "$(inherited)",
               "$(PLATFORM_DIR)/Developer/Library/Frameworks"
            );
            HEADER_SEARCH_PATHS = (
               "$(inherited)"
            );
            INFOPLIST_FILE = "FengNiao.xcodeproj/Rainbow_Info.plist";
            LD_RUNPATH_SEARCH_PATHS = (
               "$(inherited)",
               "$(TOOLCHAIN_DIR)/usr/lib/swift/macosx"
            );
            OTHER_CFLAGS = (
               "$(inherited)"
            );
            OTHER_LDFLAGS = (
               "$(inherited)"
            );
            OTHER_SWIFT_FLAGS = (
               "$(inherited)"
            );
            PRODUCT_BUNDLE_IDENTIFIER = "Rainbow";
            PRODUCT_MODULE_NAME = "$(TARGET_NAME:c99extidentifier)";
            PRODUCT_NAME = "$(TARGET_NAME:c99extidentifier)";
            SKIP_INSTALL = "YES";
            SWIFT_ACTIVE_COMPILATION_CONDITIONS = (
               "$(inherited)"
            );
            SWIFT_VERSION = "4.0";
            TARGET_NAME = "Rainbow";
         };
         name = "Debug";
      };
      "OBJ_157" = {
         isa = "XCBuildConfiguration";
         buildSettings = {
            ENABLE_TESTABILITY = "YES";
            FRAMEWORK_SEARCH_PATHS = (
               "$(inherited)",
               "$(PLATFORM_DIR)/Developer/Library/Frameworks"
            );
            HEADER_SEARCH_PATHS = (
               "$(inherited)"
            );
            INFOPLIST_FILE = "FengNiao.xcodeproj/Rainbow_Info.plist";
            LD_RUNPATH_SEARCH_PATHS = (
               "$(inherited)",
               "$(TOOLCHAIN_DIR)/usr/lib/swift/macosx"
            );
            OTHER_CFLAGS = (
               "$(inherited)"
            );
            OTHER_LDFLAGS = (
               "$(inherited)"
            );
            OTHER_SWIFT_FLAGS = (
               "$(inherited)"
            );
            PRODUCT_BUNDLE_IDENTIFIER = "Rainbow";
            PRODUCT_MODULE_NAME = "$(TARGET_NAME:c99extidentifier)";
            PRODUCT_NAME = "$(TARGET_NAME:c99extidentifier)";
            SKIP_INSTALL = "YES";
            SWIFT_ACTIVE_COMPILATION_CONDITIONS = (
               "$(inherited)"
            );
            SWIFT_VERSION = "4.0";
            TARGET_NAME = "Rainbow";
         };
         name = "Release";
      };
      "OBJ_158" = {
         isa = "PBXSourcesBuildPhase";
         files = (
            "OBJ_159",
            "OBJ_160",
            "OBJ_161",
            "OBJ_162",
            "OBJ_163",
            "OBJ_164",
            "OBJ_165",
            "OBJ_166",
            "OBJ_167",
            "OBJ_168",
            "OBJ_169"
         );
      };
      "OBJ_159" = {
         isa = "PBXBuildFile";
         fileRef = "OBJ_44";
      };
      "OBJ_16" = {
         isa = "PBXGroup";
         children = (
            "OBJ_17"
         );
         name = "Tests";
         path = "";
         sourceTree = "SOURCE_ROOT";
      };
      "OBJ_160" = {
         isa = "PBXBuildFile";
         fileRef = "OBJ_45";
      };
      "OBJ_161" = {
         isa = "PBXBuildFile";
         fileRef = "OBJ_46";
      };
      "OBJ_162" = {
         isa = "PBXBuildFile";
         fileRef = "OBJ_47";
      };
      "OBJ_163" = {
         isa = "PBXBuildFile";
         fileRef = "OBJ_48";
      };
      "OBJ_164" = {
         isa = "PBXBuildFile";
         fileRef = "OBJ_49";
      };
      "OBJ_165" = {
         isa = "PBXBuildFile";
         fileRef = "OBJ_50";
      };
      "OBJ_166" = {
         isa = "PBXBuildFile";
         fileRef = "OBJ_51";
      };
      "OBJ_167" = {
         isa = "PBXBuildFile";
         fileRef = "OBJ_52";
      };
      "OBJ_168" = {
         isa = "PBXBuildFile";
         fileRef = "OBJ_53";
      };
      "OBJ_169" = {
         isa = "PBXBuildFile";
         fileRef = "OBJ_54";
      };
      "OBJ_17" = {
         isa = "PBXGroup";
         children = (
            "OBJ_18",
            "OBJ_19"
         );
         name = "FengNiaoKitTests";
         path = "Tests/FengNiaoKitTests";
         sourceTree = "SOURCE_ROOT";
      };
      "OBJ_170" = {
         isa = "PBXFrameworksBuildPhase";
         files = (
         );
      };
      "OBJ_172" = {
         isa = "XCConfigurationList";
         buildConfigurations = (
            "OBJ_173",
            "OBJ_174"
         );
         defaultConfigurationIsVisible = "0";
         defaultConfigurationName = "Release";
      };
      "OBJ_173" = {
         isa = "XCBuildConfiguration";
         buildSettings = {
            LD = "/usr/bin/true";
            OTHER_SWIFT_FLAGS = (
               "-swift-version",
               "4",
               "-I",
               "$(TOOLCHAIN_DIR)/usr/lib/swift/pm/4",
               "-target",
               "x86_64-apple-macosx10.10",
               "-sdk",
               "/Applications/Xcode.app/Contents/Developer/Platforms/MacOSX.platform/Developer/SDKs/MacOSX10.14.sdk"
            );
            SWIFT_VERSION = "4.0";
         };
         name = "Debug";
      };
      "OBJ_174" = {
         isa = "XCBuildConfiguration";
         buildSettings = {
            LD = "/usr/bin/true";
            OTHER_SWIFT_FLAGS = (
               "-swift-version",
               "4",
               "-I",
               "$(TOOLCHAIN_DIR)/usr/lib/swift/pm/4",
               "-target",
               "x86_64-apple-macosx10.10",
               "-sdk",
               "/Applications/Xcode.app/Contents/Developer/Platforms/MacOSX.platform/Developer/SDKs/MacOSX10.14.sdk"
            );
            SWIFT_VERSION = "4.0";
         };
         name = "Release";
      };
      "OBJ_175" = {
         isa = "PBXSourcesBuildPhase";
         files = (
            "OBJ_176"
         );
      };
      "OBJ_176" = {
         isa = "PBXBuildFile";
         fileRef = "OBJ_43";
      };
      "OBJ_177" = {
         isa = "XCConfigurationList";
         buildConfigurations = (
            "OBJ_178",
            "OBJ_179"
         );
         defaultConfigurationIsVisible = "0";
         defaultConfigurationName = "Release";
      };
      "OBJ_178" = {
         isa = "XCBuildConfiguration";
         buildSettings = {
            ENABLE_TESTABILITY = "YES";
            FRAMEWORK_SEARCH_PATHS = (
               "$(inherited)",
               "$(PLATFORM_DIR)/Developer/Library/Frameworks"
            );
            HEADER_SEARCH_PATHS = (
               "$(inherited)"
            );
            INFOPLIST_FILE = "FengNiao.xcodeproj/Spectre_Info.plist";
            LD_RUNPATH_SEARCH_PATHS = (
               "$(inherited)",
               "$(TOOLCHAIN_DIR)/usr/lib/swift/macosx"
            );
            OTHER_CFLAGS = (
               "$(inherited)"
            );
            OTHER_LDFLAGS = (
               "$(inherited)"
            );
            OTHER_SWIFT_FLAGS = (
               "$(inherited)"
            );
            PRODUCT_BUNDLE_IDENTIFIER = "Spectre";
            PRODUCT_MODULE_NAME = "$(TARGET_NAME:c99extidentifier)";
            PRODUCT_NAME = "$(TARGET_NAME:c99extidentifier)";
            SKIP_INSTALL = "YES";
            SWIFT_ACTIVE_COMPILATION_CONDITIONS = (
               "$(inherited)"
            );
            SWIFT_VERSION = "4.2";
            TARGET_NAME = "Spectre";
         };
         name = "Debug";
      };
      "OBJ_179" = {
         isa = "XCBuildConfiguration";
         buildSettings = {
            ENABLE_TESTABILITY = "YES";
            FRAMEWORK_SEARCH_PATHS = (
               "$(inherited)",
               "$(PLATFORM_DIR)/Developer/Library/Frameworks"
            );
            HEADER_SEARCH_PATHS = (
               "$(inherited)"
            );
            INFOPLIST_FILE = "FengNiao.xcodeproj/Spectre_Info.plist";
            LD_RUNPATH_SEARCH_PATHS = (
               "$(inherited)",
               "$(TOOLCHAIN_DIR)/usr/lib/swift/macosx"
            );
            OTHER_CFLAGS = (
               "$(inherited)"
            );
            OTHER_LDFLAGS = (
               "$(inherited)"
            );
            OTHER_SWIFT_FLAGS = (
               "$(inherited)"
            );
            PRODUCT_BUNDLE_IDENTIFIER = "Spectre";
            PRODUCT_MODULE_NAME = "$(TARGET_NAME:c99extidentifier)";
            PRODUCT_NAME = "$(TARGET_NAME:c99extidentifier)";
            SKIP_INSTALL = "YES";
            SWIFT_ACTIVE_COMPILATION_CONDITIONS = (
               "$(inherited)"
            );
            SWIFT_VERSION = "4.2";
            TARGET_NAME = "Spectre";
         };
         name = "Release";
      };
      "OBJ_18" = {
         isa = "PBXFileReference";
         path = "FengNiaoKitSpec.swift";
         sourceTree = "<group>";
      };
      "OBJ_180" = {
         isa = "PBXSourcesBuildPhase";
         files = (
            "OBJ_181",
            "OBJ_182",
            "OBJ_183",
            "OBJ_184",
            "OBJ_185",
            "OBJ_186",
            "OBJ_187",
            "OBJ_188",
            "OBJ_189"
         );
      };
      "OBJ_181" = {
         isa = "PBXBuildFile";
         fileRef = "OBJ_26";
      };
      "OBJ_182" = {
         isa = "PBXBuildFile";
         fileRef = "OBJ_27";
      };
      "OBJ_183" = {
         isa = "PBXBuildFile";
         fileRef = "OBJ_28";
      };
      "OBJ_184" = {
         isa = "PBXBuildFile";
         fileRef = "OBJ_29";
      };
      "OBJ_185" = {
         isa = "PBXBuildFile";
         fileRef = "OBJ_30";
      };
      "OBJ_186" = {
         isa = "PBXBuildFile";
         fileRef = "OBJ_31";
      };
      "OBJ_187" = {
         isa = "PBXBuildFile";
         fileRef = "OBJ_32";
      };
      "OBJ_188" = {
         isa = "PBXBuildFile";
         fileRef = "OBJ_33";
      };
      "OBJ_189" = {
         isa = "PBXBuildFile";
         fileRef = "OBJ_34";
      };
      "OBJ_19" = {
         isa = "PBXFileReference";
         path = "FengNiaoKitTests.swift";
         sourceTree = "<group>";
      };
      "OBJ_190" = {
         isa = "PBXFrameworksBuildPhase";
         files = (
         );
      };
      "OBJ_192" = {
         isa = "XCConfigurationList";
         buildConfigurations = (
            "OBJ_193",
            "OBJ_194"
         );
         defaultConfigurationIsVisible = "0";
         defaultConfigurationName = "Release";
      };
      "OBJ_193" = {
         isa = "XCBuildConfiguration";
         buildSettings = {
            LD = "/usr/bin/true";
            OTHER_SWIFT_FLAGS = (
               "-swift-version",
               "4.2",
               "-I",
               "$(TOOLCHAIN_DIR)/usr/lib/swift/pm/4_2",
               "-target",
               "x86_64-apple-macosx10.10",
               "-sdk",
               "/Applications/Xcode.app/Contents/Developer/Platforms/MacOSX.platform/Developer/SDKs/MacOSX10.14.sdk"
            );
            SWIFT_VERSION = "4.2";
         };
         name = "Debug";
      };
      "OBJ_194" = {
         isa = "XCBuildConfiguration";
         buildSettings = {
            LD = "/usr/bin/true";
            OTHER_SWIFT_FLAGS = (
               "-swift-version",
               "4.2",
               "-I",
               "$(TOOLCHAIN_DIR)/usr/lib/swift/pm/4_2",
               "-target",
               "x86_64-apple-macosx10.10",
               "-sdk",
               "/Applications/Xcode.app/Contents/Developer/Platforms/MacOSX.platform/Developer/SDKs/MacOSX10.14.sdk"
            );
            SWIFT_VERSION = "4.2";
         };
         name = "Release";
      };
      "OBJ_195" = {
         isa = "PBXSourcesBuildPhase";
         files = (
            "OBJ_196"
         );
      };
      "OBJ_196" = {
         isa = "PBXBuildFile";
         fileRef = "OBJ_35";
      };
      "OBJ_2" = {
         isa = "XCConfigurationList";
         buildConfigurations = (
            "OBJ_3",
            "OBJ_4"
         );
         defaultConfigurationIsVisible = "0";
         defaultConfigurationName = "Release";
      };
      "OBJ_20" = {
         isa = "PBXGroup";
         children = (
            "OBJ_21",
            "OBJ_24",
            "OBJ_36",
            "OBJ_42"
         );
         name = "Dependencies";
         path = "";
         sourceTree = "<group>";
      };
      "OBJ_21" = {
         isa = "PBXGroup";
         children = (
            "OBJ_22",
            "OBJ_23"
         );
         name = "PathKit 0.9.2";
         path = ".build/checkouts/PathKit/Sources";
         sourceTree = "SOURCE_ROOT";
      };
      "OBJ_22" = {
         isa = "PBXFileReference";
         explicitFileType = "sourcecode.swift";
         name = "Package.swift";
         path = "/Users/joeshang/Applications/FengNiao/.build/checkouts/PathKit/Package.swift";
         sourceTree = "<group>";
      };
      "OBJ_23" = {
         isa = "PBXFileReference";
         path = "PathKit.swift";
         sourceTree = "<group>";
      };
      "OBJ_24" = {
         isa = "PBXGroup";
         children = (
            "OBJ_25",
            "OBJ_35"
         );
         name = "Spectre 0.9.0";
         path = "";
         sourceTree = "SOURCE_ROOT";
      };
      "OBJ_25" = {
         isa = "PBXGroup";
         children = (
            "OBJ_26",
            "OBJ_27",
            "OBJ_28",
            "OBJ_29",
            "OBJ_30",
            "OBJ_31",
            "OBJ_32",
            "OBJ_33",
            "OBJ_34"
         );
         name = "Spectre";
         path = ".build/checkouts/Spectre/Sources/Spectre";
         sourceTree = "SOURCE_ROOT";
      };
      "OBJ_26" = {
         isa = "PBXFileReference";
         path = "Case.swift";
         sourceTree = "<group>";
      };
      "OBJ_27" = {
         isa = "PBXFileReference";
         path = "Context.swift";
         sourceTree = "<group>";
      };
      "OBJ_28" = {
         isa = "PBXFileReference";
         path = "Expectation.swift";
         sourceTree = "<group>";
      };
      "OBJ_29" = {
         isa = "PBXFileReference";
         path = "Failure.swift";
         sourceTree = "<group>";
      };
      "OBJ_3" = {
         isa = "XCBuildConfiguration";
         buildSettings = {
            CLANG_ENABLE_OBJC_ARC = "YES";
            COMBINE_HIDPI_IMAGES = "YES";
            COPY_PHASE_STRIP = "NO";
            DEBUG_INFORMATION_FORMAT = "dwarf";
            DYLIB_INSTALL_NAME_BASE = "@rpath";
            ENABLE_NS_ASSERTIONS = "YES";
            GCC_OPTIMIZATION_LEVEL = "0";
            GCC_PREPROCESSOR_DEFINITIONS = (
               "$(inherited)",
               "SWIFT_PACKAGE=1",
               "DEBUG=1"
            );
            MACOSX_DEPLOYMENT_TARGET = "10.10";
            ONLY_ACTIVE_ARCH = "YES";
            OTHER_SWIFT_FLAGS = (
               "-DXcode"
            );
            PRODUCT_NAME = "$(TARGET_NAME)";
            SDKROOT = "macosx";
            SUPPORTED_PLATFORMS = (
               "macosx",
               "iphoneos",
               "iphonesimulator",
               "appletvos",
               "appletvsimulator",
               "watchos",
               "watchsimulator"
            );
            SWIFT_ACTIVE_COMPILATION_CONDITIONS = (
               "$(inherited)",
               "SWIFT_PACKAGE",
               "DEBUG"
            );
            SWIFT_OPTIMIZATION_LEVEL = "-Onone";
            USE_HEADERMAP = "NO";
         };
         name = "Debug";
      };
      "OBJ_30" = {
         isa = "PBXFileReference";
         path = "Global.swift";
         sourceTree = "<group>";
      };
      "OBJ_31" = {
         isa = "PBXFileReference";
         path = "GlobalContext.swift";
         sourceTree = "<group>";
      };
      "OBJ_32" = {
         isa = "PBXFileReference";
         path = "Reporter.swift";
         sourceTree = "<group>";
      };
      "OBJ_33" = {
         isa = "PBXFileReference";
         path = "Reporters.swift";
         sourceTree = "<group>";
      };
      "OBJ_34" = {
         isa = "PBXFileReference";
         path = "XCTest.swift";
         sourceTree = "<group>";
      };
      "OBJ_35" = {
         isa = "PBXFileReference";
         explicitFileType = "sourcecode.swift";
         name = "Package.swift";
         path = "/Users/joeshang/Applications/FengNiao/.build/checkouts/Spectre/Package.swift";
         sourceTree = "<group>";
      };
      "OBJ_36" = {
         isa = "PBXGroup";
         children = (
            "OBJ_37",
            "OBJ_41"
         );
         name = "CommandLineKit 4.0.9";
         path = "";
         sourceTree = "SOURCE_ROOT";
      };
      "OBJ_37" = {
         isa = "PBXGroup";
         children = (
            "OBJ_38",
            "OBJ_39",
            "OBJ_40"
         );
         name = "CommandLineKit";
         path = ".build/checkouts/CommandLine/Sources/CommandLineKit";
         sourceTree = "SOURCE_ROOT";
      };
      "OBJ_38" = {
         isa = "PBXFileReference";
         path = "CommandLine.swift";
         sourceTree = "<group>";
      };
      "OBJ_39" = {
         isa = "PBXFileReference";
         path = "Option.swift";
         sourceTree = "<group>";
      };
      "OBJ_4" = {
         isa = "XCBuildConfiguration";
         buildSettings = {
            CLANG_ENABLE_OBJC_ARC = "YES";
            COMBINE_HIDPI_IMAGES = "YES";
            COPY_PHASE_STRIP = "YES";
            DEBUG_INFORMATION_FORMAT = "dwarf-with-dsym";
            DYLIB_INSTALL_NAME_BASE = "@rpath";
            GCC_OPTIMIZATION_LEVEL = "s";
            GCC_PREPROCESSOR_DEFINITIONS = (
               "$(inherited)",
               "SWIFT_PACKAGE=1"
            );
            MACOSX_DEPLOYMENT_TARGET = "10.10";
            OTHER_SWIFT_FLAGS = (
               "-DXcode"
            );
            PRODUCT_NAME = "$(TARGET_NAME)";
            SDKROOT = "macosx";
            SUPPORTED_PLATFORMS = (
               "macosx",
               "iphoneos",
               "iphonesimulator",
               "appletvos",
               "appletvsimulator",
               "watchos",
               "watchsimulator"
            );
            SWIFT_ACTIVE_COMPILATION_CONDITIONS = (
               "$(inherited)",
               "SWIFT_PACKAGE"
            );
            SWIFT_OPTIMIZATION_LEVEL = "-Owholemodule";
            USE_HEADERMAP = "NO";
         };
         name = "Release";
      };
      "OBJ_40" = {
         isa = "PBXFileReference";
         path = "StringExtensions.swift";
         sourceTree = "<group>";
      };
      "OBJ_41" = {
         isa = "PBXFileReference";
         explicitFileType = "sourcecode.swift";
         name = "Package.swift";
         path = "/Users/joeshang/Applications/FengNiao/.build/checkouts/CommandLine/Package.swift";
         sourceTree = "<group>";
      };
      "OBJ_42" = {
         isa = "PBXGroup";
         children = (
            "OBJ_43",
            "OBJ_44",
            "OBJ_45",
            "OBJ_46",
            "OBJ_47",
            "OBJ_48",
            "OBJ_49",
            "OBJ_50",
            "OBJ_51",
            "OBJ_52",
            "OBJ_53",
            "OBJ_54"
         );
         name = "Rainbow 3.1.5";
         path = ".build/checkouts/Rainbow/Sources";
         sourceTree = "SOURCE_ROOT";
      };
      "OBJ_43" = {
         isa = "PBXFileReference";
         explicitFileType = "sourcecode.swift";
         name = "Package.swift";
         path = "/Users/joeshang/Applications/FengNiao/.build/checkouts/Rainbow/Package.swift";
         sourceTree = "<group>";
      };
      "OBJ_44" = {
         isa = "PBXFileReference";
         path = "BackgroundColor.swift";
         sourceTree = "<group>";
      };
      "OBJ_45" = {
         isa = "PBXFileReference";
         path = "CodesParser.swift";
         sourceTree = "<group>";
      };
      "OBJ_46" = {
         isa = "PBXFileReference";
         path = "Color.swift";
         sourceTree = "<group>";
      };
      "OBJ_47" = {
         isa = "PBXFileReference";
         path = "ControlCode.swift";
         sourceTree = "<group>";
      };
      "OBJ_48" = {
         isa = "PBXFileReference";
         path = "ModesExtractor.swift";
         sourceTree = "<group>";
      };
      "OBJ_49" = {
         isa = "PBXFileReference";
         path = "OutputTarget.swift";
         sourceTree = "<group>";
      };
      "OBJ_5" = {
         isa = "PBXGroup";
         children = (
            "OBJ_6",
            "OBJ_7",
            "OBJ_16",
            "OBJ_20",
            "OBJ_55",
            "OBJ_63",
            "OBJ_64",
            "OBJ_65",
            "OBJ_66",
            "OBJ_67"
         );
         path = "";
         sourceTree = "<group>";
      };
      "OBJ_50" = {
         isa = "PBXFileReference";
         path = "Rainbow.swift";
         sourceTree = "<group>";
      };
      "OBJ_51" = {
         isa = "PBXFileReference";
         path = "String+Rainbow.swift";
         sourceTree = "<group>";
      };
      "OBJ_52" = {
         isa = "PBXFileReference";
         path = "StringGenerator.swift";
         sourceTree = "<group>";
      };
      "OBJ_53" = {
         isa = "PBXFileReference";
         path = "Style.swift";
         sourceTree = "<group>";
      };
      "OBJ_54" = {
         isa = "PBXFileReference";
         path = "XcodeColorsSupport.swift";
         sourceTree = "<group>";
      };
      "OBJ_55" = {
         isa = "PBXGroup";
         children = (
            "FengNiao::FengNiaoKitTests::Product",
            "CommandLineKit::CommandLineKit::Product",
            "PathKit::PathKit::Product",
            "Spectre::Spectre::Product",
            "FengNiao::FengNiaoKit::Product",
            "FengNiao::FengNiao::Product",
            "Rainbow::Rainbow::Product"
         );
         name = "Products";
         path = "";
         sourceTree = "BUILT_PRODUCTS_DIR";
      };
      "OBJ_6" = {
         isa = "PBXFileReference";
         explicitFileType = "sourcecode.swift";
         path = "Package.swift";
         sourceTree = "<group>";
      };
      "OBJ_63" = {
         isa = "PBXFileReference";
         path = "codecov.yml";
         sourceTree = "<group>";
      };
      "OBJ_64" = {
         isa = "PBXFileReference";
         path = "LICENSE";
         sourceTree = "<group>";
      };
      "OBJ_65" = {
         isa = "PBXFileReference";
         path = "install.sh";
         sourceTree = "<group>";
      };
      "OBJ_66" = {
         isa = "PBXFileReference";
         path = "README.md";
         sourceTree = "<group>";
      };
      "OBJ_67" = {
         isa = "PBXFileReference";
         path = "logo.png";
         sourceTree = "<group>";
      };
      "OBJ_69" = {
         isa = "XCConfigurationList";
         buildConfigurations = (
            "OBJ_70",
            "OBJ_71"
         );
         defaultConfigurationIsVisible = "0";
         defaultConfigurationName = "Release";
      };
      "OBJ_7" = {
         isa = "PBXGroup";
         children = (
            "OBJ_8",
            "OBJ_11"
         );
         name = "Sources";
         path = "";
         sourceTree = "SOURCE_ROOT";
      };
      "OBJ_70" = {
         isa = "XCBuildConfiguration";
         buildSettings = {
            ENABLE_TESTABILITY = "YES";
            FRAMEWORK_SEARCH_PATHS = (
               "$(inherited)",
               "$(PLATFORM_DIR)/Developer/Library/Frameworks"
            );
            HEADER_SEARCH_PATHS = (
               "$(inherited)"
            );
            INFOPLIST_FILE = "FengNiao.xcodeproj/CommandLineKit_Info.plist";
            LD_RUNPATH_SEARCH_PATHS = (
               "$(inherited)",
               "$(TOOLCHAIN_DIR)/usr/lib/swift/macosx"
            );
            OTHER_CFLAGS = (
               "$(inherited)"
            );
            OTHER_LDFLAGS = (
               "$(inherited)"
            );
            OTHER_SWIFT_FLAGS = (
               "$(inherited)"
            );
            PRODUCT_BUNDLE_IDENTIFIER = "CommandLineKit";
            PRODUCT_MODULE_NAME = "$(TARGET_NAME:c99extidentifier)";
            PRODUCT_NAME = "$(TARGET_NAME:c99extidentifier)";
            SKIP_INSTALL = "YES";
            SWIFT_ACTIVE_COMPILATION_CONDITIONS = (
               "$(inherited)"
            );
            SWIFT_VERSION = "4.2";
            TARGET_NAME = "CommandLineKit";
         };
         name = "Debug";
      };
      "OBJ_71" = {
         isa = "XCBuildConfiguration";
         buildSettings = {
            ENABLE_TESTABILITY = "YES";
            FRAMEWORK_SEARCH_PATHS = (
               "$(inherited)",
               "$(PLATFORM_DIR)/Developer/Library/Frameworks"
            );
            HEADER_SEARCH_PATHS = (
               "$(inherited)"
            );
            INFOPLIST_FILE = "FengNiao.xcodeproj/CommandLineKit_Info.plist";
            LD_RUNPATH_SEARCH_PATHS = (
               "$(inherited)",
               "$(TOOLCHAIN_DIR)/usr/lib/swift/macosx"
            );
            OTHER_CFLAGS = (
               "$(inherited)"
            );
            OTHER_LDFLAGS = (
               "$(inherited)"
            );
            OTHER_SWIFT_FLAGS = (
               "$(inherited)"
            );
            PRODUCT_BUNDLE_IDENTIFIER = "CommandLineKit";
            PRODUCT_MODULE_NAME = "$(TARGET_NAME:c99extidentifier)";
            PRODUCT_NAME = "$(TARGET_NAME:c99extidentifier)";
            SKIP_INSTALL = "YES";
            SWIFT_ACTIVE_COMPILATION_CONDITIONS = (
               "$(inherited)"
            );
            SWIFT_VERSION = "4.2";
            TARGET_NAME = "CommandLineKit";
         };
         name = "Release";
      };
      "OBJ_72" = {
         isa = "PBXSourcesBuildPhase";
         files = (
            "OBJ_73",
            "OBJ_74",
            "OBJ_75"
         );
      };
      "OBJ_73" = {
         isa = "PBXBuildFile";
         fileRef = "OBJ_38";
      };
      "OBJ_74" = {
         isa = "PBXBuildFile";
         fileRef = "OBJ_39";
      };
      "OBJ_75" = {
         isa = "PBXBuildFile";
         fileRef = "OBJ_40";
      };
      "OBJ_76" = {
         isa = "PBXFrameworksBuildPhase";
         files = (
         );
      };
      "OBJ_78" = {
         isa = "XCConfigurationList";
         buildConfigurations = (
            "OBJ_79",
            "OBJ_80"
         );
         defaultConfigurationIsVisible = "0";
         defaultConfigurationName = "Release";
      };
      "OBJ_79" = {
         isa = "XCBuildConfiguration";
         buildSettings = {
            LD = "/usr/bin/true";
            OTHER_SWIFT_FLAGS = (
               "-swift-version",
               "4.2",
               "-I",
               "$(TOOLCHAIN_DIR)/usr/lib/swift/pm/4_2",
               "-target",
               "x86_64-apple-macosx10.10",
               "-sdk",
               "/Applications/Xcode.app/Contents/Developer/Platforms/MacOSX.platform/Developer/SDKs/MacOSX10.14.sdk"
            );
            SWIFT_VERSION = "4.2";
         };
         name = "Debug";
      };
      "OBJ_8" = {
         isa = "PBXGroup";
         children = (
            "OBJ_9",
            "OBJ_10"
         );
         name = "FengNiao";
         path = "Sources/FengNiao";
         sourceTree = "SOURCE_ROOT";
      };
      "OBJ_80" = {
         isa = "XCBuildConfiguration";
         buildSettings = {
            LD = "/usr/bin/true";
            OTHER_SWIFT_FLAGS = (
               "-swift-version",
               "4.2",
               "-I",
               "$(TOOLCHAIN_DIR)/usr/lib/swift/pm/4_2",
               "-target",
               "x86_64-apple-macosx10.10",
               "-sdk",
               "/Applications/Xcode.app/Contents/Developer/Platforms/MacOSX.platform/Developer/SDKs/MacOSX10.14.sdk"
            );
            SWIFT_VERSION = "4.2";
         };
         name = "Release";
      };
      "OBJ_81" = {
         isa = "PBXSourcesBuildPhase";
         files = (
            "OBJ_82"
         );
      };
      "OBJ_82" = {
         isa = "PBXBuildFile";
         fileRef = "OBJ_41";
      };
      "OBJ_84" = {
         isa = "XCConfigurationList";
         buildConfigurations = (
            "OBJ_85",
            "OBJ_86"
         );
         defaultConfigurationIsVisible = "0";
         defaultConfigurationName = "Release";
      };
      "OBJ_85" = {
         isa = "XCBuildConfiguration";
         buildSettings = {
            FRAMEWORK_SEARCH_PATHS = (
               "$(inherited)",
               "$(PLATFORM_DIR)/Developer/Library/Frameworks"
            );
            HEADER_SEARCH_PATHS = (
               "$(inherited)"
            );
            INFOPLIST_FILE = "FengNiao.xcodeproj/FengNiao_Info.plist";
            LD_RUNPATH_SEARCH_PATHS = (
               "$(inherited)",
               "$(TOOLCHAIN_DIR)/usr/lib/swift/macosx",
               "@executable_path"
            );
            OTHER_CFLAGS = (
               "$(inherited)"
            );
            OTHER_LDFLAGS = (
               "$(inherited)"
            );
            OTHER_SWIFT_FLAGS = (
               "$(inherited)"
            );
            SWIFT_ACTIVE_COMPILATION_CONDITIONS = (
               "$(inherited)"
            );
            SWIFT_FORCE_DYNAMIC_LINK_STDLIB = "YES";
            SWIFT_FORCE_STATIC_LINK_STDLIB = "NO";
            SWIFT_VERSION = "4.0";
            TARGET_NAME = "FengNiao";
         };
         name = "Debug";
      };
      "OBJ_86" = {
         isa = "XCBuildConfiguration";
         buildSettings = {
            FRAMEWORK_SEARCH_PATHS = (
               "$(inherited)",
               "$(PLATFORM_DIR)/Developer/Library/Frameworks"
            );
            HEADER_SEARCH_PATHS = (
               "$(inherited)"
            );
            INFOPLIST_FILE = "FengNiao.xcodeproj/FengNiao_Info.plist";
            LD_RUNPATH_SEARCH_PATHS = (
               "$(inherited)",
               "$(TOOLCHAIN_DIR)/usr/lib/swift/macosx",
               "@executable_path"
            );
            OTHER_CFLAGS = (
               "$(inherited)"
            );
            OTHER_LDFLAGS = (
               "$(inherited)"
            );
            OTHER_SWIFT_FLAGS = (
               "$(inherited)"
            );
            SWIFT_ACTIVE_COMPILATION_CONDITIONS = (
               "$(inherited)"
            );
            SWIFT_FORCE_DYNAMIC_LINK_STDLIB = "YES";
            SWIFT_FORCE_STATIC_LINK_STDLIB = "NO";
            SWIFT_VERSION = "4.0";
            TARGET_NAME = "FengNiao";
         };
         name = "Release";
      };
      "OBJ_87" = {
         isa = "PBXSourcesBuildPhase";
         files = (
            "OBJ_88",
            "OBJ_89"
         );
      };
      "OBJ_88" = {
         isa = "PBXBuildFile";
         fileRef = "OBJ_9";
      };
      "OBJ_89" = {
         isa = "PBXBuildFile";
         fileRef = "OBJ_10";
      };
      "OBJ_9" = {
         isa = "PBXFileReference";
         path = "CommandPrompt.swift";
         sourceTree = "<group>";
      };
      "OBJ_90" = {
         isa = "PBXFrameworksBuildPhase";
         files = (
            "OBJ_91",
            "OBJ_92",
            "OBJ_93",
            "OBJ_94"
         );
      };
      "OBJ_91" = {
         isa = "PBXBuildFile";
         fileRef = "CommandLineKit::CommandLineKit::Product";
      };
      "OBJ_92" = {
         isa = "PBXBuildFile";
         fileRef = "FengNiao::FengNiaoKit::Product";
      };
      "OBJ_93" = {
         isa = "PBXBuildFile";
         fileRef = "PathKit::PathKit::Product";
      };
      "OBJ_94" = {
         isa = "PBXBuildFile";
         fileRef = "Rainbow::Rainbow::Product";
      };
      "OBJ_95" = {
         isa = "PBXTargetDependency";
         target = "CommandLineKit::CommandLineKit";
      };
      "OBJ_96" = {
         isa = "PBXTargetDependency";
         target = "FengNiao::FengNiaoKit";
      };
      "OBJ_98" = {
         isa = "PBXTargetDependency";
         target = "PathKit::PathKit";
      };
      "PathKit::PathKit" = {
         isa = "PBXNativeTarget";
         buildConfigurationList = "OBJ_143";
         buildPhases = (
            "OBJ_146",
            "OBJ_148"
         );
         dependencies = (
         );
         name = "PathKit";
         productName = "PathKit";
         productReference = "PathKit::PathKit::Product";
         productType = "com.apple.product-type.framework";
      };
      "PathKit::PathKit::Product" = {
         isa = "PBXFileReference";
         path = "PathKit.framework";
         sourceTree = "BUILT_PRODUCTS_DIR";
      };
      "PathKit::SwiftPMPackageDescription" = {
         isa = "PBXNativeTarget";
         buildConfigurationList = "OBJ_150";
         buildPhases = (
            "OBJ_153"
         );
         dependencies = (
         );
         name = "PathKitPackageDescription";
         productName = "PathKitPackageDescription";
         productType = "com.apple.product-type.framework";
      };
      "Rainbow::Rainbow" = {
         isa = "PBXNativeTarget";
         buildConfigurationList = "OBJ_155";
         buildPhases = (
            "OBJ_158",
            "OBJ_170"
         );
         dependencies = (
         );
         name = "Rainbow";
         productName = "Rainbow";
         productReference = "Rainbow::Rainbow::Product";
         productType = "com.apple.product-type.framework";
      };
      "Rainbow::Rainbow::Product" = {
         isa = "PBXFileReference";
         path = "Rainbow.framework";
         sourceTree = "BUILT_PRODUCTS_DIR";
      };
      "Rainbow::SwiftPMPackageDescription" = {
         isa = "PBXNativeTarget";
         buildConfigurationList = "OBJ_172";
         buildPhases = (
            "OBJ_175"
         );
         dependencies = (
         );
         name = "RainbowPackageDescription";
         productName = "RainbowPackageDescription";
         productType = "com.apple.product-type.framework";
      };
      "Spectre::Spectre" = {
         isa = "PBXNativeTarget";
         buildConfigurationList = "OBJ_177";
         buildPhases = (
            "OBJ_180",
            "OBJ_190"
         );
         dependencies = (
         );
         name = "Spectre";
         productName = "Spectre";
         productReference = "Spectre::Spectre::Product";
         productType = "com.apple.product-type.framework";
      };
      "Spectre::Spectre::Product" = {
         isa = "PBXFileReference";
         path = "Spectre.framework";
         sourceTree = "BUILT_PRODUCTS_DIR";
      };
      "Spectre::SwiftPMPackageDescription" = {
         isa = "PBXNativeTarget";
         buildConfigurationList = "OBJ_192";
         buildPhases = (
            "OBJ_195"
         );
         dependencies = (
         );
         name = "SpectrePackageDescription";
         productName = "SpectrePackageDescription";
         productType = "com.apple.product-type.framework";
      };
   };
   rootObject = "OBJ_1";
}
